
Microsoft Visual Studio Solution File, Format Version 12.00
# Visual Studio 15
VisualStudioVersion = 15.0.27130.2010
MinimumVisualStudioVersion = 10.0.40219.1
Project("{9A19103F-16F7-4668-BE54-9A1E7A4F7556}") = "TCCApi.RecomendacoesApi", "TCCApi.RecomendacoesApi\TCCApi.RecomendacoesApi.csproj", "{9801E84F-2635-4581-BD51-85B4912882E1}"
EndProject
Project("{9A19103F-16F7-4668-BE54-9A1E7A4F7556}") = "TCCApi.FachadeApi", "TCCApi.FachadeApi\TCCApi.FachadeApi.csproj", "{3EB1C070-4BE0-4390-AB0B-3B37B3A363E1}"
EndProject
Project("{9A19103F-16F7-4668-BE54-9A1E7A4F7556}") = "TCCApi.CrudApi", "TCCApi.CrudApi\TCCApi.CrudApi.csproj", "{A8940E88-24D6-495B-9944-A46CD8FC71F8}"
EndProject
Project("{9A19103F-16F7-4668-BE54-9A1E7A4F7556}") = "TCCApi.RecomendacoesTexto", "TCCApi.RecomendacoesTexto\TCCApi.RecomendacoesTexto.csproj", "{C0A4AD1C-F954-4908-8EA6-02DB2FB9D089}"
EndProject
Project("{9A19103F-16F7-4668-BE54-9A1E7A4F7556}") = "TCCApi.Authenticacao", "TCCApi.Authenticacao\TCCApi.Authenticacao.csproj", "{9E27370F-92C6-4D89-B748-CA568882B4DB}"
EndProject
Project("{9A19103F-16F7-4668-BE54-9A1E7A4F7556}") = "TCCApi.EmpresaCRUD", "TCCApi.EmpresaCRUD\TCCApi.EmpresaCRUD.csproj", "{F5C0140C-B62B-42F8-A452-CA5800A03405}"
EndProject
Project("{9A19103F-16F7-4668-BE54-9A1E7A4F7556}") = "TCCApi.VisitaApi", "TCCApi.VisitaApi\TCCApi.VisitaApi.csproj", "{3D3EF6AE-EFD1-44B1-B0BD-A2E59600B8D8}"
EndProject
Project("{9A19103F-16F7-4668-BE54-9A1E7A4F7556}") = "TCCApi.VendaApi", "TCCApi.VendaApi\TCCApi.VendaApi.csproj", "{C8085E62-B1A0-4778-9139-7BEEAC19861E}"
EndProject
Project("{9A19103F-16F7-4668-BE54-9A1E7A4F7556}") = "TCCApi.EventoApi", "TCCApi.EventoApi\TCCApi.EventoApi.csproj", "{68892CE4-C2F9-4B41-BC17-F2A565EF65F5}"
EndProject
Global
	GlobalSection(SolutionConfigurationPlatforms) = preSolution
		Debug|Any CPU = Debug|Any CPU
		Release|Any CPU = Release|Any CPU
	EndGlobalSection
	GlobalSection(ProjectConfigurationPlatforms) = postSolution
		{9801E84F-2635-4581-BD51-85B4912882E1}.Debug|Any CPU.ActiveCfg = Debug|Any CPU
		{9801E84F-2635-4581-BD51-85B4912882E1}.Debug|Any CPU.Build.0 = Debug|Any CPU
		{9801E84F-2635-4581-BD51-85B4912882E1}.Release|Any CPU.ActiveCfg = Release|Any CPU
		{9801E84F-2635-4581-BD51-85B4912882E1}.Release|Any CPU.Build.0 = Release|Any CPU
		{3EB1C070-4BE0-4390-AB0B-3B37B3A363E1}.Debug|Any CPU.ActiveCfg = Debug|Any CPU
		{3EB1C070-4BE0-4390-AB0B-3B37B3A363E1}.Debug|Any CPU.Build.0 = Debug|Any CPU
		{3EB1C070-4BE0-4390-AB0B-3B37B3A363E1}.Release|Any CPU.ActiveCfg = Release|Any CPU
		{3EB1C070-4BE0-4390-AB0B-3B37B3A363E1}.Release|Any CPU.Build.0 = Release|Any CPU
		{A8940E88-24D6-495B-9944-A46CD8FC71F8}.Debug|Any CPU.ActiveCfg = Debug|Any CPU
		{A8940E88-24D6-495B-9944-A46CD8FC71F8}.Debug|Any CPU.Build.0 = Debug|Any CPU
		{A8940E88-24D6-495B-9944-A46CD8FC71F8}.Release|Any CPU.ActiveCfg = Release|Any CPU
		{A8940E88-24D6-495B-9944-A46CD8FC71F8}.Release|Any CPU.Build.0 = Release|Any CPU
		{C0A4AD1C-F954-4908-8EA6-02DB2FB9D089}.Debug|Any CPU.ActiveCfg = Debug|Any CPU
		{C0A4AD1C-F954-4908-8EA6-02DB2FB9D089}.Debug|Any CPU.Build.0 = Debug|Any CPU
		{C0A4AD1C-F954-4908-8EA6-02DB2FB9D089}.Release|Any CPU.ActiveCfg = Release|Any CPU
		{C0A4AD1C-F954-4908-8EA6-02DB2FB9D089}.Release|Any CPU.Build.0 = Release|Any CPU
		{9E27370F-92C6-4D89-B748-CA568882B4DB}.Debug|Any CPU.ActiveCfg = Debug|Any CPU
		{9E27370F-92C6-4D89-B748-CA568882B4DB}.Debug|Any CPU.Build.0 = Debug|Any CPU
		{9E27370F-92C6-4D89-B748-CA568882B4DB}.Release|Any CPU.ActiveCfg = Release|Any CPU
		{9E27370F-92C6-4D89-B748-CA568882B4DB}.Release|Any CPU.Build.0 = Release|Any CPU
		{F5C0140C-B62B-42F8-A452-CA5800A03405}.Debug|Any CPU.ActiveCfg = Debug|Any CPU
		{F5C0140C-B62B-42F8-A452-CA5800A03405}.Debug|Any CPU.Build.0 = Debug|Any CPU
		{F5C0140C-B62B-42F8-A452-CA5800A03405}.Release|Any CPU.ActiveCfg = Release|Any CPU
		{F5C0140C-B62B-42F8-A452-CA5800A03405}.Release|Any CPU.Build.0 = Release|Any CPU
		{3D3EF6AE-EFD1-44B1-B0BD-A2E59600B8D8}.Debug|Any CPU.ActiveCfg = Debug|Any CPU
		{3D3EF6AE-EFD1-44B1-B0BD-A2E59600B8D8}.Debug|Any CPU.Build.0 = Debug|Any CPU
		{3D3EF6AE-EFD1-44B1-B0BD-A2E59600B8D8}.Release|Any CPU.ActiveCfg = Release|Any CPU
		{3D3EF6AE-EFD1-44B1-B0BD-A2E59600B8D8}.Release|Any CPU.Build.0 = Release|Any CPU
		{C8085E62-B1A0-4778-9139-7BEEAC19861E}.Debug|Any CPU.ActiveCfg = Debug|Any CPU
		{C8085E62-B1A0-4778-9139-7BEEAC19861E}.Debug|Any CPU.Build.0 = Debug|Any CPU
		{C8085E62-B1A0-4778-9139-7BEEAC19861E}.Release|Any CPU.ActiveCfg = Release|Any CPU
		{C8085E62-B1A0-4778-9139-7BEEAC19861E}.Release|Any CPU.Build.0 = Release|Any CPU
		{68892CE4-C2F9-4B41-BC17-F2A565EF65F5}.Debug|Any CPU.ActiveCfg = Debug|Any CPU
		{68892CE4-C2F9-4B41-BC17-F2A565EF65F5}.Debug|Any CPU.Build.0 = Debug|Any CPU
		{68892CE4-C2F9-4B41-BC17-F2A565EF65F5}.Release|Any CPU.ActiveCfg = Release|Any CPU
		{68892CE4-C2F9-4B41-BC17-F2A565EF65F5}.Release|Any CPU.Build.0 = Release|Any CPU
	EndGlobalSection
	GlobalSection(SolutionProperties) = preSolution
		HideSolutionNode = FALSE
	EndGlobalSection
	GlobalSection(ExtensibilityGlobals) = postSolution
		SolutionGuid = {F94921FD-86DC-43ED-9A27-A71A8F13FC55}
	EndGlobalSection
EndGlobal
